
Microsoft Visual Studio Solution File, Format Version 12.00
# Visual Studio Version 16
VisualStudioVersion = 16.0.29613.14
MinimumVisualStudioVersion = 10.0.40219.1
Project("{FAE04EC0-301F-11D3-BF4B-00C04F79EFBC}") = "WindowsFormsApplication1", "WindowsFormsApplication1\WindowsFormsApplication1.csproj", "{4CE4D28C-48E4-4D27-8912-08474A39A194}"
EndProject
Global
	GlobalSection(SolutionConfigurationPlatforms) = preSolution
		Debug|Any CPU = Debug|Any CPU
		Release|Any CPU = Release|Any CPU
	EndGlobalSection
	GlobalSection(ProjectConfigurationPlatforms) = postSolution
		{4CE4D28C-48E4-4D27-8912-08474A39A194}.Debug|Any CPU.ActiveCfg = Debug|Any CPU
		{4CE4D28C-48E4-4D27-8912-08474A39A194}.Debug|Any CPU.Build.0 = Debug|Any CPU
		{4CE4D28C-48E4-4D27-8912-08474A39A194}.Release|Any CPU.ActiveCfg = Release|Any CPU
		{4CE4D28C-48E4-4D27-8912-08474A39A194}.Release|Any CPU.Build.0 = Release|Any CPU
	EndGlobalSection
	GlobalSection(SolutionProperties) = preSolution
		HideSolutionNode = FALSE
	EndGlobalSection
	GlobalSection(ExtensibilityGlobals) = postSolution
		SolutionGuid = {0B0E8711-DBC7-43DD-A680-2B54A2CF85A9}
	EndGlobalSection
EndGlobal
