
Microsoft Visual Studio Solution File, Format Version 12.00
# Visual Studio Version 16
VisualStudioVersion = 16.0.29613.14
MinimumVisualStudioVersion = 10.0.40219.1
Project("{FAE04EC0-301F-11D3-BF4B-00C04F79EFBC}") = "Split", "Split.csproj", "{9E63D74D-27E3-449D-BF50-770A93BF5040}"
EndProject
Global
	GlobalSection(SolutionConfigurationPlatforms) = preSolution
		Debug|Any CPU = Debug|Any CPU
		Release|Any CPU = Release|Any CPU
	EndGlobalSection
	GlobalSection(ProjectConfigurationPlatforms) = postSolution
		{9E63D74D-27E3-449D-BF50-770A93BF5040}.Debug|Any CPU.ActiveCfg = Debug|Any CPU
		{9E63D74D-27E3-449D-BF50-770A93BF5040}.Debug|Any CPU.Build.0 = Debug|Any CPU
		{9E63D74D-27E3-449D-BF50-770A93BF5040}.Release|Any CPU.ActiveCfg = Release|Any CPU
		{9E63D74D-27E3-449D-BF50-770A93BF5040}.Release|Any CPU.Build.0 = Release|Any CPU
	EndGlobalSection
	GlobalSection(SolutionProperties) = preSolution
		HideSolutionNode = FALSE
	EndGlobalSection
	GlobalSection(ExtensibilityGlobals) = postSolution
		SolutionGuid = {BF3921A5-1E33-433A-94EE-D9C76D786F76}
	EndGlobalSection
EndGlobal
