
Microsoft Visual Studio Solution File, Format Version 12.00
# Visual Studio Version 16
VisualStudioVersion = 16.0.29613.14
MinimumVisualStudioVersion = 10.0.40219.1
Project("{FAE04EC0-301F-11D3-BF4B-00C04F79EFBC}") = "Empth", "Empth.csproj", "{A999D3BF-D0C7-406F-BAA2-97075E6E72DE}"
EndProject
Global
	GlobalSection(SolutionConfigurationPlatforms) = preSolution
		Debug|Any CPU = Debug|Any CPU
		Release|Any CPU = Release|Any CPU
	EndGlobalSection
	GlobalSection(ProjectConfigurationPlatforms) = postSolution
		{A999D3BF-D0C7-406F-BAA2-97075E6E72DE}.Debug|Any CPU.ActiveCfg = Debug|Any CPU
		{A999D3BF-D0C7-406F-BAA2-97075E6E72DE}.Debug|Any CPU.Build.0 = Debug|Any CPU
		{A999D3BF-D0C7-406F-BAA2-97075E6E72DE}.Release|Any CPU.ActiveCfg = Release|Any CPU
		{A999D3BF-D0C7-406F-BAA2-97075E6E72DE}.Release|Any CPU.Build.0 = Release|Any CPU
	EndGlobalSection
	GlobalSection(SolutionProperties) = preSolution
		HideSolutionNode = FALSE
	EndGlobalSection
	GlobalSection(ExtensibilityGlobals) = postSolution
		SolutionGuid = {C731481C-5402-459F-A0D8-14F210F3F97F}
	EndGlobalSection
EndGlobal
